
Microsoft Visual Studio Solution File, Format Version 12.00
# Visual Studio 15
VisualStudioVersion = 15.0.27130.2024
MinimumVisualStudioVersion = 10.0.40219.1
Project("{FAE04EC0-301F-11D3-BF4B-00C04F79EFBC}") = "FolderComparer2", "FolderComparer2\FolderComparer2.csproj", "{16AFEC2A-D3EE-4D2E-9932-19917BAAB00C}"
EndProject
Global
	GlobalSection(SolutionConfigurationPlatforms) = preSolution
		Debug|Any CPU = Debug|Any CPU
		Release|Any CPU = Release|Any CPU
	EndGlobalSection
	GlobalSection(ProjectConfigurationPlatforms) = postSolution
		{16AFEC2A-D3EE-4D2E-9932-19917BAAB00C}.Debug|Any CPU.ActiveCfg = Debug|Any CPU
		{16AFEC2A-D3EE-4D2E-9932-19917BAAB00C}.Debug|Any CPU.Build.0 = Debug|Any CPU
		{16AFEC2A-D3EE-4D2E-9932-19917BAAB00C}.Release|Any CPU.ActiveCfg = Release|Any CPU
		{16AFEC2A-D3EE-4D2E-9932-19917BAAB00C}.Release|Any CPU.Build.0 = Release|Any CPU
	EndGlobalSection
	GlobalSection(SolutionProperties) = preSolution
		HideSolutionNode = FALSE
	EndGlobalSection
	GlobalSection(ExtensibilityGlobals) = postSolution
		SolutionGuid = {01F8A629-7389-48D5-9F7B-AEDB2FBB1F9E}
	EndGlobalSection
EndGlobal
